
Microsoft Visual Studio Solution File, Format Version 12.00
# Visual Studio Version 17
VisualStudioVersion = 17.1.32228.430
MinimumVisualStudioVersion = 10.0.40219.1
Project("{FAE04EC0-301F-11D3-BF4B-00C04F79EFBC}") = "WpfApp1", "WpfApp1.csproj", "{6F32B627-38A0-4147-BD29-790E7169CF27}"
EndProject
Global
	GlobalSection(SolutionConfigurationPlatforms) = preSolution
		Debug|Any CPU = Debug|Any CPU
		Release|Any CPU = Release|Any CPU
	EndGlobalSection
	GlobalSection(ProjectConfigurationPlatforms) = postSolution
		{6F32B627-38A0-4147-BD29-790E7169CF27}.Debug|Any CPU.ActiveCfg = Debug|Any CPU
		{6F32B627-38A0-4147-BD29-790E7169CF27}.Debug|Any CPU.Build.0 = Debug|Any CPU
		{6F32B627-38A0-4147-BD29-790E7169CF27}.Release|Any CPU.ActiveCfg = Release|Any CPU
		{6F32B627-38A0-4147-BD29-790E7169CF27}.Release|Any CPU.Build.0 = Release|Any CPU
	EndGlobalSection
	GlobalSection(SolutionProperties) = preSolution
		HideSolutionNode = FALSE
	EndGlobalSection
	GlobalSection(ExtensibilityGlobals) = postSolution
		SolutionGuid = {9AEC2CD3-A2D8-4EBE-94B9-1655CE0AA2C4}
	EndGlobalSection
EndGlobal
